dependencies:
- name: mysql-innodbcluster
  repository: https://mysql.github.io/mysql-operator/
  version: 2.0.8
- name: elasticsearch
  repository: https://helm.elastic.co
  version: 7.17.3
- name: rabbitmq
  repository: https://charts.bitnami.com/bitnami
  version: 11.1.1
digest: sha256:4356cedf205972b247236c9a62681b3a776d20fe031c42a01b382cc8e11ac8bc
generated: "2023-01-18T18:26:06.528608156+09:00"
